{
  "nodes": {
    "calagopus-nix": {
      "inputs": {
        "fenix": "fenix",
        "microvm": "microvm",
        "nixpkgs": [
          "nixpkgs"
        ]
      },
      "locked": {
        "lastModified": 1785329311,
        "narHash": "sha256-pCL9S81if5gPSZvLwyo/YceGC06b9p/N6pz4o7fvtPk=",
        "owner": "Saturn745",
        "repo": "calagopus-nix",
        "rev": "a28fbf2557c99bef5056bb55ecafc735a8e1d4e2",
        "type": "github"
      },
      "original": {
        "owner": "Saturn745",
        "repo": "calagopus-nix",
        "type": "github"
      }
    },
    "colmena": {
      "inputs": {
        "flake-compat": "flake-compat",
        "flake-utils": "flake-utils",
        "nix-github-actions": "nix-github-actions",
        "nixpkgs": [
          "nixpkgs"
        ],
        "stable": "stable"
      },
      "locked": {
        "lastModified": 1784448989,
        "narHash": "sha256-XC0OkWCiTM91msCp0o7zfM+iBv06mLlCzFxkP8vf+ac=",
        "owner": "zhaofengli",
        "repo": "colmena",
        "rev": "e5eda626e459f7043868fd2e3b3bf8ce0d1992e6",
        "type": "github"
      },
      "original": {
        "owner": "zhaofengli",
        "repo": "colmena",
        "type": "github"
      }
    },
    "den": {
      "locked": {
        "lastModified": 1784335044,
        "narHash": "sha256-6+aoPFBvCP1DY/8viR+s34T5rTu5UBo8Iv0jghAcUac=",
        "owner": "denful",
        "repo": "den",
        "rev": "99cc0c5a1cc846cb1be681344b10d2731d430e13",
        "type": "github"
      },
      "original": {
        "owner": "denful",
        "repo": "den",
        "type": "github"
      }
    },
    "disko": {
      "inputs": {
        "nixpkgs": [
          "nixpkgs"
        ]
      },
      "locked": {
        "lastModified": 1781152676,
        "narHash": "sha256-RxWs5ND31KzTG7wvMM+PMfUjyNpmIEr999lqNARaM5o=",
        "owner": "nix-community",
        "repo": "disko",
        "rev": "ff8702b4de27f72b4c78573dfb89ec74e36abdf1",
        "type": "github"
      },
      "original": {
        "owner": "nix-community",
        "repo": "disko",
        "type": "github"
      }
    },
    "fenix": {
      "inputs": {
        "nixpkgs": [
          "calagopus-nix",
          "nixpkgs"
        ],
        "rust-analyzer-src": "rust-analyzer-src"
      },
      "locked": {
        "lastModified": 1784361593,
        "narHash": "sha256-K1ym8vyrGxSZ8/SgQVyXWlBysVuJyEC5L25jPaq6PwQ=",
        "owner": "nix-community",
        "repo": "fenix",
        "rev": "480c95c3c9ca478e857f7153639010fb54ec73e8",
        "type": "github"
      },
      "original": {
        "owner": "nix-community",
        "repo": "fenix",
        "type": "github"
      }
    },
    "flake-compat": {
      "flake": false,
      "locked": {
        "lastModified": 1767039857,
        "narHash": "sha256-vNpUSpF5Nuw8xvDLj2KCwwksIbjua2LZCqhV1LNRDns=",
        "owner": "edolstra",
        "repo": "flake-compat",
        "rev": "5edf11c44bc78a0d334f6334cdaf7d60d732daab",
        "type": "github"
      },
      "original": {
        "owner": "edolstra",
        "repo": "flake-compat",
        "type": "github"
      }
    },
    "flake-utils": {
      "inputs": {
        "systems": "systems"
      },
      "locked": {
        "lastModified": 1731533236,
        "narHash": "sha256-l0KFg5HjrsfsO/JpG+r7fRrqm12kzFHyUHqHCVpMMbI=",
        "owner": "numtide",
        "repo": "flake-utils",
        "rev": "11707dc2f618dd54ca8739b309ec4fc024de578b",
        "type": "github"
      },
      "original": {
        "owner": "numtide",
        "repo": "flake-utils",
        "type": "github"
      }
    },
    "flake-utils_2": {
      "inputs": {
        "systems": "systems_2"
      },
      "locked": {
        "lastModified": 1731533236,
        "narHash": "sha256-l0KFg5HjrsfsO/JpG+r7fRrqm12kzFHyUHqHCVpMMbI=",
        "owner": "numtide",
        "repo": "flake-utils",
        "rev": "11707dc2f618dd54ca8739b309ec4fc024de578b",
        "type": "github"
      },
      "original": {
        "owner": "numtide",
        "repo": "flake-utils",
        "type": "github"
      }
    },
    "flake-utils_3": {
      "inputs": {
        "systems": "systems_3"
      },
      "locked": {
        "lastModified": 1731533236,
        "narHash": "sha256-l0KFg5HjrsfsO/JpG+r7fRrqm12kzFHyUHqHCVpMMbI=",
        "owner": "numtide",
        "repo": "flake-utils",
        "rev": "11707dc2f618dd54ca8739b309ec4fc024de578b",
        "type": "github"
      },
      "original": {
        "owner": "numtide",
        "repo": "flake-utils",
        "type": "github"
      }
    },
    "import-tree": {
      "locked": {
        "lastModified": 1784254960,
        "narHash": "sha256-iI88R3wHz8wTKQb5orvpc51L/Xr64AJyxid/0MKa/b8=",
        "owner": "denful",
        "repo": "import-tree",
        "rev": "4ebb10ae17d5f1ad366e7aef5b92cb8eecf24f69",
        "type": "github"
      },
      "original": {
        "owner": "denful",
        "repo": "import-tree",
        "type": "github"
      }
    },
    "infra-private": {
      "locked": {
        "lastModified": 1784755775,
        "narHash": "sha256-sPjBbM2qUanYyxO5tOdivYsX994eStdYdvFY78zWlhs=",
        "ref": "refs/heads/main",
        "rev": "1326da9b04b55c87870391e713a59275d97b5656",
        "revCount": 1,
        "type": "git",
        "url": "ssh://git@github.com/yanpla/infra-private"
      },
      "original": {
        "type": "git",
        "url": "ssh://git@github.com/yanpla/infra-private"
      }
    },
    "microvm": {
      "inputs": {
        "nixpkgs": [
          "calagopus-nix",
          "nixpkgs"
        ],
        "spectrum": "spectrum"
      },
      "locked": {
        "lastModified": 1784395873,
        "narHash": "sha256-2aNPMX+33DdK/tVXMabpVNRzFJ5m2IgYaaw8LL0Tb9Q=",
        "owner": "microvm-nix",
        "repo": "microvm.nix",
        "rev": "0784796ba5c4ba17c58fce3c2c0cbccc60d22e84",
        "type": "github"
      },
      "original": {
        "owner": "microvm-nix",
        "repo": "microvm.nix",
        "type": "github"
      }
    },
    "nix-github-actions": {
      "inputs": {
        "nixpkgs": [
          "colmena",
          "nixpkgs"
        ]
      },
      "locked": {
        "lastModified": 1737420293,
        "narHash": "sha256-F1G5ifvqTpJq7fdkT34e/Jy9VCyzd5XfJ9TO8fHhJWE=",
        "owner": "nix-community",
        "repo": "nix-github-actions",
        "rev": "f4158fa080ef4503c8f4c820967d946c2af31ec9",
        "type": "github"
      },
      "original": {
        "owner": "nix-community",
        "repo": "nix-github-actions",
        "type": "github"
      }
    },
    "nix-vite-plus": {
      "inputs": {
        "nixpkgs": "nixpkgs_2"
      },
      "locked": {
        "lastModified": 1784962077,
        "narHash": "sha256-Gw/fnv0QoTnNkcSKfzJZ1tZoQAJUJcKHtE7zJCBe1Jk=",
        "owner": "ryoppippi",
        "repo": "nix-vite-plus",
        "rev": "007724d2f262cad34d2d41e8bb81f260b2e07981",
        "type": "github"
      },
      "original": {
        "owner": "ryoppippi",
        "repo": "nix-vite-plus",
        "type": "github"
      }
    },
    "nixpkgs": {
      "locked": {
        "lastModified": 1785133411,
        "narHash": "sha256-Yjv0WEg39KRYS0rBdTbu6Fc/or/ihAKk13W9sQ6VWd0=",
        "owner": "nixos",
        "repo": "nixpkgs",
        "rev": "2f5a153c270b70cb0f8c11f46d96d6d3bc39f4e3",
        "type": "github"
      },
      "original": {
        "owner": "nixos",
        "ref": "nixos-26.05",
        "repo": "nixpkgs",
        "type": "github"
      }
    },
    "nixpkgs-unstable": {
      "locked": {
        "lastModified": 1784796856,
        "narHash": "sha256-wWFrV5/Qbm+lyt5x20E/bSbfJiGKMo4RCxZV8cl/WZI=",
        "owner": "nixos",
        "repo": "nixpkgs",
        "rev": "e2587caef70cea85dd97d7daab492899902dbf5d",
        "type": "github"
      },
      "original": {
        "owner": "nixos",
        "ref": "nixos-unstable",
        "repo": "nixpkgs",
        "type": "github"
      }
    },
    "nixpkgs_2": {
      "locked": {
        "lastModified": 1781577229,
        "narHash": "sha256-lrp67w8AulE9Ks53n27I45ADSzbOCn4H+CNW1Ck8B+8=",
        "owner": "NixOS",
        "repo": "nixpkgs",
        "rev": "567a49d1913ce81ac6e9582e3553dd90a955875f",
        "type": "github"
      },
      "original": {
        "owner": "NixOS",
        "ref": "nixos-unstable",
        "repo": "nixpkgs",
        "type": "github"
      }
    },
    "root": {
      "inputs": {
        "calagopus-nix": "calagopus-nix",
        "colmena": "colmena",
        "den": "den",
        "disko": "disko",
        "import-tree": "import-tree",
        "infra-private": "infra-private",
        "nixpkgs": "nixpkgs",
        "nixpkgs-unstable": "nixpkgs-unstable",
        "rust-overlay": "rust-overlay",
        "starlight-web": "starlight-web",
        "website": "website"
      }
    },
    "rust-analyzer-src": {
      "flake": false,
      "locked": {
        "lastModified": 1784275547,
        "narHash": "sha256-VFi+Fy9hYOcA75NayRMOjkWfg1bxIQRZ/N/4Kv9Z7sc=",
        "owner": "rust-lang",
        "repo": "rust-analyzer",
        "rev": "1649637a9c68a8f371d2e1326bbd15d36a8a74a8",
        "type": "github"
      },
      "original": {
        "owner": "rust-lang",
        "ref": "nightly",
        "repo": "rust-analyzer",
        "type": "github"
      }
    },
    "rust-overlay": {
      "inputs": {
        "nixpkgs": [
          "nixpkgs"
        ]
      },
      "locked": {
        "lastModified": 1784697913,
        "narHash": "sha256-DK+AmC9SQ9hmOFNIMu1l05gJtsmKyYsfJnuFtt1TnAU=",
        "owner": "oxalica",
        "repo": "rust-overlay",
        "rev": "47759faaddf38fadaf172151ca9df8adae9c0b2e",
        "type": "github"
      },
      "original": {
        "owner": "oxalica",
        "repo": "rust-overlay",
        "type": "github"
      }
    },
    "spectrum": {
      "flake": false,
      "locked": {
        "lastModified": 1783694892,
        "narHash": "sha256-xO8f7Qng+18FK2UlB9vcrkxCaQMCt5WjCH24aW/11eg=",
        "ref": "refs/heads/main",
        "rev": "24c4346e30fdea8d8e80f34aec3554a15a667d24",
        "revCount": 1410,
        "type": "git",
        "url": "https://spectrum-os.org/git/spectrum"
      },
      "original": {
        "type": "git",
        "url": "https://spectrum-os.org/git/spectrum"
      }
    },
    "stable": {
      "locked": {
        "lastModified": 1783625654,
        "narHash": "sha256-pI1244/PJfTyKhlAr2QYQC55vR6UQdnGA0rJUgtO2IQ=",
        "owner": "NixOS",
        "repo": "nixpkgs",
        "rev": "a0230bd8d5cbd13893b2263918d396a2c7dd0407",
        "type": "github"
      },
      "original": {
        "owner": "NixOS",
        "ref": "release-26.05",
        "repo": "nixpkgs",
        "type": "github"
      }
    },
    "starlight-web": {
      "inputs": {
        "flake-utils": "flake-utils_2",
        "nixpkgs": [
          "nixpkgs"
        ]
      },
      "locked": {
        "lastModified": 1780953563,
        "narHash": "sha256-79qhd5U/fuTdfhTBzmnuSnz/6Of3qlP6Ob0Cca/ZFcs=",
        "ref": "refs/heads/main",
        "rev": "1619ace5678c8d55e73ce6dd30bad3efe91bea57",
        "revCount": 39,
        "type": "git",
        "url": "ssh://git@github.com/All-Of-Us-Mods/Starlight-Web"
      },
      "original": {
        "type": "git",
        "url": "ssh://git@github.com/All-Of-Us-Mods/Starlight-Web"
      }
    },
    "systems": {
      "locked": {
        "lastModified": 1681028828,
        "narHash": "sha256-Vy1rq5AaRuLzOxct8nz4T6wlgyUR7zLU309k9mBC768=",
        "owner": "nix-systems",
        "repo": "default",
        "rev": "da67096a3b9bf56a91d16901293e51ba5b49a27e",
        "type": "github"
      },
      "original": {
        "owner": "nix-systems",
        "repo": "default",
        "type": "github"
      }
    },
    "systems_2": {
      "locked": {
        "lastModified": 1681028828,
        "narHash": "sha256-Vy1rq5AaRuLzOxct8nz4T6wlgyUR7zLU309k9mBC768=",
        "owner": "nix-systems",
        "repo": "default",
        "rev": "da67096a3b9bf56a91d16901293e51ba5b49a27e",
        "type": "github"
      },
      "original": {
        "owner": "nix-systems",
        "repo": "default",
        "type": "github"
      }
    },
    "systems_3": {
      "locked": {
        "lastModified": 1681028828,
        "narHash": "sha256-Vy1rq5AaRuLzOxct8nz4T6wlgyUR7zLU309k9mBC768=",
        "owner": "nix-systems",
        "repo": "default",
        "rev": "da67096a3b9bf56a91d16901293e51ba5b49a27e",
        "type": "github"
      },
      "original": {
        "owner": "nix-systems",
        "repo": "default",
        "type": "github"
      }
    },
    "website": {
      "inputs": {
        "flake-utils": "flake-utils_3",
        "nix-vite-plus": "nix-vite-plus",
        "nixpkgs": [
          "nixpkgs"
        ]
      },
      "locked": {
        "lastModified": 1784983689,
        "narHash": "sha256-qDyKXcO199P53VOUu4ke7tdWF8zNzgIRhW3/OK47Agw=",
        "ref": "refs/heads/main",
        "rev": "e3ae19cddf754306a72517b2d08a8b614e5faeb4",
        "revCount": 64,
        "type": "git",
        "url": "ssh://git@github.com/yanpla/website"
      },
      "original": {
        "type": "git",
        "url": "ssh://git@github.com/yanpla/website"
      }
    }
  },
  "root": "root",
  "version": 7
}
