{
  "nodes": {
    "calagopus-nix": {
      "inputs": {
        "fenix": "fenix",
        "microvm": "microvm",
        "nixpkgs": [
          "nixpkgs"
        ]
      },
      "locked": {
        "lastModified": 1787076697,
        "narHash": "sha256-yiCWgBDX0HkddnRasEHx0ymGIEzhUbmXagd8aI3St2c=",
        "owner": "Saturn745",
        "repo": "calagopus-nix",
        "rev": "a52768e2c3f1e8ecd890fa03582fc17e1b9981f7",
        "type": "github"
      },
      "original": {
        "owner": "Saturn745",
        "repo": "calagopus-nix",
        "type": "github"
      }
    },
    "colmena": {
      "inputs": {
        "flake-compat": "flake-compat",
        "flake-utils": "flake-utils",
        "nix-github-actions": "nix-github-actions",
        "nixpkgs": [
          "nixpkgs"
        ],
        "stable": "stable"
      },
      "locked": {
        "lastModified": 1786742289,
        "narHash": "sha256-r61K9svFDQkI5jONYksneDtDT5c4SkWrZVD3ni5O6Ak=",
        "owner": "zhaofengli",
        "repo": "colmena",
        "rev": "dc22786a43315b212eeafe13409a7203328e5a30",
        "type": "github"
      },
      "original": {
        "owner": "zhaofengli",
        "repo": "colmena",
        "type": "github"
      }
    },
    "den": {
      "locked": {
        "lastModified": 1786475005,
        "narHash": "sha256-gp7Q7rMEjsqAyW4Uwz+sms8j+XegD5P/lzRCuMW2fNI=",
        "owner": "denful",
        "repo": "den",
        "rev": "e8e8de1e32646456cfc613f152175a7a548508ec",
        "type": "github"
      },
      "original": {
        "owner": "denful",
        "repo": "den",
        "type": "github"
      }
    },
    "disko": {
      "inputs": {
        "nixpkgs": [
          "nixpkgs"
        ]
      },
      "locked": {
        "lastModified": 1781152676,
        "narHash": "sha256-RxWs5ND31KzTG7wvMM+PMfUjyNpmIEr999lqNARaM5o=",
        "owner": "nix-community",
        "repo": "disko",
        "rev": "ff8702b4de27f72b4c78573dfb89ec74e36abdf1",
        "type": "github"
      },
      "original": {
        "owner": "nix-community",
        "repo": "disko",
        "type": "github"
      }
    },
    "fenix": {
      "inputs": {
        "nixpkgs": [
          "calagopus-nix",
          "nixpkgs"
        ],
        "rust-analyzer-src": "rust-analyzer-src"
      },
      "locked": {
        "lastModified": 1785572837,
        "narHash": "sha256-7HLoqxURizfu1Gs5Xg0OTwi9s9Ewh7JpBeE2xVoZHAU=",
        "owner": "nix-community",
        "repo": "fenix",
        "rev": "e6dc05cac3bc08fc8b00cc1571a456a47d7ca782",
        "type": "github"
      },
      "original": {
        "owner": "nix-community",
        "repo": "fenix",
        "type": "github"
      }
    },
    "flake-compat": {
      "flake": false,
      "locked": {
        "lastModified": 1767039857,
        "narHash": "sha256-vNpUSpF5Nuw8xvDLj2KCwwksIbjua2LZCqhV1LNRDns=",
        "owner": "edolstra",
        "repo": "flake-compat",
        "rev": "5edf11c44bc78a0d334f6334cdaf7d60d732daab",
        "type": "github"
      },
      "original": {
        "owner": "edolstra",
        "repo": "flake-compat",
        "type": "github"
      }
    },
    "flake-utils": {
      "inputs": {
        "systems": "systems"
      },
      "locked": {
        "lastModified": 1731533236,
        "narHash": "sha256-l0KFg5HjrsfsO/JpG+r7fRrqm12kzFHyUHqHCVpMMbI=",
        "owner": "numtide",
        "repo": "flake-utils",
        "rev": "11707dc2f618dd54ca8739b309ec4fc024de578b",
        "type": "github"
      },
      "original": {
        "owner": "numtide",
        "repo": "flake-utils",
        "type": "github"
      }
    },
    "flake-utils_2": {
      "inputs": {
        "systems": "systems_2"
      },
      "locked": {
        "lastModified": 1731533236,
        "narHash": "sha256-l0KFg5HjrsfsO/JpG+r7fRrqm12kzFHyUHqHCVpMMbI=",
        "owner": "numtide",
        "repo": "flake-utils",
        "rev": "11707dc2f618dd54ca8739b309ec4fc024de578b",
        "type": "github"
      },
      "original": {
        "owner": "numtide",
        "repo": "flake-utils",
        "type": "github"
      }
    },
    "flake-utils_3": {
      "inputs": {
        "systems": "systems_3"
      },
      "locked": {
        "lastModified": 1731533236,
        "narHash": "sha256-l0KFg5HjrsfsO/JpG+r7fRrqm12kzFHyUHqHCVpMMbI=",
        "owner": "numtide",
        "repo": "flake-utils",
        "rev": "11707dc2f618dd54ca8739b309ec4fc024de578b",
        "type": "github"
      },
      "original": {
        "owner": "numtide",
        "repo": "flake-utils",
        "type": "github"
      }
    },
    "import-tree": {
      "locked": {
        "lastModified": 1784254960,
        "narHash": "sha256-iI88R3wHz8wTKQb5orvpc51L/Xr64AJyxid/0MKa/b8=",
        "owner": "denful",
        "repo": "import-tree",
        "rev": "4ebb10ae17d5f1ad366e7aef5b92cb8eecf24f69",
        "type": "github"
      },
      "original": {
        "owner": "denful",
        "repo": "import-tree",
        "type": "github"
      }
    },
    "infra-private": {
      "locked": {
        "lastModified": 1784755775,
        "narHash": "sha256-sPjBbM2qUanYyxO5tOdivYsX994eStdYdvFY78zWlhs=",
        "ref": "refs/heads/main",
        "rev": "1326da9b04b55c87870391e713a59275d97b5656",
        "revCount": 1,
        "type": "git",
        "url": "ssh://git@github.com/yanpla/infra-private"
      },
      "original": {
        "type": "git",
        "url": "ssh://git@github.com/yanpla/infra-private"
      }
    },
    "microvm": {
      "inputs": {
        "nixpkgs": [
          "calagopus-nix",
          "nixpkgs"
        ],
        "spectrum": "spectrum"
      },
      "locked": {
        "lastModified": 1785510331,
        "narHash": "sha256-d/AR1r5guAk52ZWM0sAd3O8Fd2jQbyGwxU+e6flTiUk=",
        "owner": "microvm-nix",
        "repo": "microvm.nix",
        "rev": "06544a68599a0e0721760af442000204e57e3937",
        "type": "github"
      },
      "original": {
        "owner": "microvm-nix",
        "repo": "microvm.nix",
        "type": "github"
      }
    },
    "nix-github-actions": {
      "inputs": {
        "nixpkgs": [
          "colmena",
          "nixpkgs"
        ]
      },
      "locked": {
        "lastModified": 1737420293,
        "narHash": "sha256-F1G5ifvqTpJq7fdkT34e/Jy9VCyzd5XfJ9TO8fHhJWE=",
        "owner": "nix-community",
        "repo": "nix-github-actions",
        "rev": "f4158fa080ef4503c8f4c820967d946c2af31ec9",
        "type": "github"
      },
      "original": {
        "owner": "nix-community",
        "repo": "nix-github-actions",
        "type": "github"
      }
    },
    "nix-vite-plus": {
      "inputs": {
        "nixpkgs": "nixpkgs_2"
      },
      "locked": {
        "lastModified": 1784962077,
        "narHash": "sha256-Gw/fnv0QoTnNkcSKfzJZ1tZoQAJUJcKHtE7zJCBe1Jk=",
        "owner": "ryoppippi",
        "repo": "nix-vite-plus",
        "rev": "007724d2f262cad34d2d41e8bb81f260b2e07981",
        "type": "github"
      },
      "original": {
        "owner": "ryoppippi",
        "repo": "nix-vite-plus",
        "type": "github"
      }
    },
    "nixpkgs": {
      "locked": {
        "lastModified": 1787042014,
        "narHash": "sha256-lgnV/xeEatfEnPZG0RrXS0fhcr63p3tsVvL1GdaVkJQ=",
        "owner": "nixos",
        "repo": "nixpkgs",
        "rev": "c69ae8fb8faeb3472fd11234ba55a70ac3601f9b",
        "type": "github"
      },
      "original": {
        "owner": "nixos",
        "ref": "nixos-26.05",
        "repo": "nixpkgs",
        "type": "github"
      }
    },
    "nixpkgs-unstable": {
      "locked": {
        "lastModified": 1787001381,
        "narHash": "sha256-Ue1Yo8gfHdD4TMtNewhA4tkSYeFqXThju0nCyJc3ALo=",
        "owner": "nixos",
        "repo": "nixpkgs",
        "rev": "ec2d622de0773551768cf98f3fc50cbcc003b9c5",
        "type": "github"
      },
      "original": {
        "owner": "nixos",
        "ref": "nixos-unstable",
        "repo": "nixpkgs",
        "type": "github"
      }
    },
    "nixpkgs_2": {
      "locked": {
        "lastModified": 1781577229,
        "narHash": "sha256-lrp67w8AulE9Ks53n27I45ADSzbOCn4H+CNW1Ck8B+8=",
        "owner": "NixOS",
        "repo": "nixpkgs",
        "rev": "567a49d1913ce81ac6e9582e3553dd90a955875f",
        "type": "github"
      },
      "original": {
        "owner": "NixOS",
        "ref": "nixos-unstable",
        "repo": "nixpkgs",
        "type": "github"
      }
    },
    "root": {
      "inputs": {
        "calagopus-nix": "calagopus-nix",
        "colmena": "colmena",
        "den": "den",
        "disko": "disko",
        "import-tree": "import-tree",
        "infra-private": "infra-private",
        "nixpkgs": "nixpkgs",
        "nixpkgs-unstable": "nixpkgs-unstable",
        "starlight-web": "starlight-web",
        "website": "website"
      }
    },
    "rust-analyzer-src": {
      "flake": false,
      "locked": {
        "lastModified": 1785509417,
        "narHash": "sha256-KO1aylbnpZTW1l/8c1MoUPIbwPh5eSM0+VOsksXiXU4=",
        "owner": "rust-lang",
        "repo": "rust-analyzer",
        "rev": "e4e67338eaf4724e4e6e1525711e00b85d174cf9",
        "type": "github"
      },
      "original": {
        "owner": "rust-lang",
        "ref": "nightly",
        "repo": "rust-analyzer",
        "type": "github"
      }
    },
    "spectrum": {
      "flake": false,
      "locked": {
        "lastModified": 1783694892,
        "narHash": "sha256-xO8f7Qng+18FK2UlB9vcrkxCaQMCt5WjCH24aW/11eg=",
        "ref": "refs/heads/main",
        "rev": "24c4346e30fdea8d8e80f34aec3554a15a667d24",
        "revCount": 1410,
        "type": "git",
        "url": "https://spectrum-os.org/git/spectrum"
      },
      "original": {
        "type": "git",
        "url": "https://spectrum-os.org/git/spectrum"
      }
    },
    "stable": {
      "locked": {
        "lastModified": 1783625654,
        "narHash": "sha256-pI1244/PJfTyKhlAr2QYQC55vR6UQdnGA0rJUgtO2IQ=",
        "owner": "NixOS",
        "repo": "nixpkgs",
        "rev": "a0230bd8d5cbd13893b2263918d396a2c7dd0407",
        "type": "github"
      },
      "original": {
        "owner": "NixOS",
        "ref": "release-26.05",
        "repo": "nixpkgs",
        "type": "github"
      }
    },
    "starlight-web": {
      "inputs": {
        "flake-utils": "flake-utils_2",
        "nixpkgs": [
          "nixpkgs"
        ]
      },
      "locked": {
        "lastModified": 1780953563,
        "narHash": "sha256-79qhd5U/fuTdfhTBzmnuSnz/6Of3qlP6Ob0Cca/ZFcs=",
        "ref": "refs/heads/main",
        "rev": "1619ace5678c8d55e73ce6dd30bad3efe91bea57",
        "revCount": 39,
        "type": "git",
        "url": "ssh://git@github.com/All-Of-Us-Mods/Starlight-Web"
      },
      "original": {
        "type": "git",
        "url": "ssh://git@github.com/All-Of-Us-Mods/Starlight-Web"
      }
    },
    "systems": {
      "locked": {
        "lastModified": 1681028828,
        "narHash": "sha256-Vy1rq5AaRuLzOxct8nz4T6wlgyUR7zLU309k9mBC768=",
        "owner": "nix-systems",
        "repo": "default",
        "rev": "da67096a3b9bf56a91d16901293e51ba5b49a27e",
        "type": "github"
      },
      "original": {
        "owner": "nix-systems",
        "repo": "default",
        "type": "github"
      }
    },
    "systems_2": {
      "locked": {
        "lastModified": 1681028828,
        "narHash": "sha256-Vy1rq5AaRuLzOxct8nz4T6wlgyUR7zLU309k9mBC768=",
        "owner": "nix-systems",
        "repo": "default",
        "rev": "da67096a3b9bf56a91d16901293e51ba5b49a27e",
        "type": "github"
      },
      "original": {
        "owner": "nix-systems",
        "repo": "default",
        "type": "github"
      }
    },
    "systems_3": {
      "locked": {
        "lastModified": 1681028828,
        "narHash": "sha256-Vy1rq5AaRuLzOxct8nz4T6wlgyUR7zLU309k9mBC768=",
        "owner": "nix-systems",
        "repo": "default",
        "rev": "da67096a3b9bf56a91d16901293e51ba5b49a27e",
        "type": "github"
      },
      "original": {
        "owner": "nix-systems",
        "repo": "default",
        "type": "github"
      }
    },
    "website": {
      "inputs": {
        "flake-utils": "flake-utils_3",
        "nix-vite-plus": "nix-vite-plus",
        "nixpkgs": [
          "nixpkgs"
        ]
      },
      "locked": {
        "lastModified": 1786611135,
        "narHash": "sha256-iPCXb6Ofqc8EdjrSAK6C9It9yp9wZcWUylTmFKC//bA=",
        "ref": "refs/heads/main",
        "rev": "a8d443411eff7ed529dff41ce064b8549677f2c4",
        "revCount": 68,
        "type": "git",
        "url": "ssh://git@github.com/yanpla/website"
      },
      "original": {
        "type": "git",
        "url": "ssh://git@github.com/yanpla/website"
      }
    }
  },
  "root": "root",
  "version": 7
}
