{
  "nodes": {
    "calagopus-nix": {
      "inputs": {
        "fenix": "fenix",
        "microvm": "microvm",
        "nixpkgs": [
          "nixpkgs"
        ]
      },
      "locked": {
        "lastModified": 1785782449,
        "narHash": "sha256-5aAMkTcZrx32Ym1Z3QmckgkBYVhxmfX90Jr4kgzcJ/s=",
        "owner": "Saturn745",
        "repo": "calagopus-nix",
        "rev": "c19e6e1f80cc45f49cc0b1c812691c28d1ad9705",
        "type": "github"
      },
      "original": {
        "owner": "Saturn745",
        "repo": "calagopus-nix",
        "type": "github"
      }
    },
    "colmena": {
      "inputs": {
        "flake-compat": "flake-compat",
        "flake-utils": "flake-utils",
        "nix-github-actions": "nix-github-actions",
        "nixpkgs": [
          "nixpkgs"
        ],
        "stable": "stable"
      },
      "locked": {
        "lastModified": 1785930890,
        "narHash": "sha256-QN4Oy1B4Vma9DiMyXiyssrpgMuIPgkNyO8jb6k2H4oY=",
        "owner": "zhaofengli",
        "repo": "colmena",
        "rev": "a156fd9146e69a577fe6f5542a7c6ed83a6888ce",
        "type": "github"
      },
      "original": {
        "owner": "zhaofengli",
        "repo": "colmena",
        "type": "github"
      }
    },
    "den": {
      "locked": {
        "lastModified": 1785531595,
        "narHash": "sha256-ipFk5ANEHhemDusdTZeuxVyFysyALjj8rRgpcTsjD4Y=",
        "owner": "denful",
        "repo": "den",
        "rev": "2040b61346a7215fd7b7f51d4a457544b6e597d0",
        "type": "github"
      },
      "original": {
        "owner": "denful",
        "repo": "den",
        "type": "github"
      }
    },
    "disko": {
      "inputs": {
        "nixpkgs": [
          "nixpkgs"
        ]
      },
      "locked": {
        "lastModified": 1781152676,
        "narHash": "sha256-RxWs5ND31KzTG7wvMM+PMfUjyNpmIEr999lqNARaM5o=",
        "owner": "nix-community",
        "repo": "disko",
        "rev": "ff8702b4de27f72b4c78573dfb89ec74e36abdf1",
        "type": "github"
      },
      "original": {
        "owner": "nix-community",
        "repo": "disko",
        "type": "github"
      }
    },
    "fenix": {
      "inputs": {
        "nixpkgs": [
          "calagopus-nix",
          "nixpkgs"
        ],
        "rust-analyzer-src": "rust-analyzer-src"
      },
      "locked": {
        "lastModified": 1785572837,
        "narHash": "sha256-7HLoqxURizfu1Gs5Xg0OTwi9s9Ewh7JpBeE2xVoZHAU=",
        "owner": "nix-community",
        "repo": "fenix",
        "rev": "e6dc05cac3bc08fc8b00cc1571a456a47d7ca782",
        "type": "github"
      },
      "original": {
        "owner": "nix-community",
        "repo": "fenix",
        "type": "github"
      }
    },
    "flake-compat": {
      "flake": false,
      "locked": {
        "lastModified": 1767039857,
        "narHash": "sha256-vNpUSpF5Nuw8xvDLj2KCwwksIbjua2LZCqhV1LNRDns=",
        "owner": "edolstra",
        "repo": "flake-compat",
        "rev": "5edf11c44bc78a0d334f6334cdaf7d60d732daab",
        "type": "github"
      },
      "original": {
        "owner": "edolstra",
        "repo": "flake-compat",
        "type": "github"
      }
    },
    "flake-utils": {
      "inputs": {
        "systems": "systems"
      },
      "locked": {
        "lastModified": 1731533236,
        "narHash": "sha256-l0KFg5HjrsfsO/JpG+r7fRrqm12kzFHyUHqHCVpMMbI=",
        "owner": "numtide",
        "repo": "flake-utils",
        "rev": "11707dc2f618dd54ca8739b309ec4fc024de578b",
        "type": "github"
      },
      "original": {
        "owner": "numtide",
        "repo": "flake-utils",
        "type": "github"
      }
    },
    "flake-utils_2": {
      "inputs": {
        "systems": "systems_2"
      },
      "locked": {
        "lastModified": 1731533236,
        "narHash": "sha256-l0KFg5HjrsfsO/JpG+r7fRrqm12kzFHyUHqHCVpMMbI=",
        "owner": "numtide",
        "repo": "flake-utils",
        "rev": "11707dc2f618dd54ca8739b309ec4fc024de578b",
        "type": "github"
      },
      "original": {
        "owner": "numtide",
        "repo": "flake-utils",
        "type": "github"
      }
    },
    "hive": {
      "inputs": {
        "nixpkgs": [
          "nixpkgs"
        ]
      },
      "locked": {
        "lastModified": 1786049691,
        "narHash": "sha256-hfMS2WRRicRNLpICoir4onVZjprLaIU+zf7zOfn6joI=",
        "ref": "refs/heads/main",
        "rev": "c62f4331b4862e3e49ba0daa5c4019344e1089e5",
        "revCount": 5,
        "type": "git",
        "url": "ssh://git@github.com/yanpla/hive"
      },
      "original": {
        "type": "git",
        "url": "ssh://git@github.com/yanpla/hive"
      }
    },
    "import-tree": {
      "locked": {
        "lastModified": 1784254960,
        "narHash": "sha256-iI88R3wHz8wTKQb5orvpc51L/Xr64AJyxid/0MKa/b8=",
        "owner": "denful",
        "repo": "import-tree",
        "rev": "4ebb10ae17d5f1ad366e7aef5b92cb8eecf24f69",
        "type": "github"
      },
      "original": {
        "owner": "denful",
        "repo": "import-tree",
        "type": "github"
      }
    },
    "infra-private": {
      "locked": {
        "lastModified": 1784755775,
        "narHash": "sha256-sPjBbM2qUanYyxO5tOdivYsX994eStdYdvFY78zWlhs=",
        "ref": "refs/heads/main",
        "rev": "1326da9b04b55c87870391e713a59275d97b5656",
        "revCount": 1,
        "type": "git",
        "url": "ssh://git@github.com/yanpla/infra-private"
      },
      "original": {
        "type": "git",
        "url": "ssh://git@github.com/yanpla/infra-private"
      }
    },
    "microvm": {
      "inputs": {
        "nixpkgs": [
          "calagopus-nix",
          "nixpkgs"
        ],
        "spectrum": "spectrum"
      },
      "locked": {
        "lastModified": 1785510331,
        "narHash": "sha256-d/AR1r5guAk52ZWM0sAd3O8Fd2jQbyGwxU+e6flTiUk=",
        "owner": "microvm-nix",
        "repo": "microvm.nix",
        "rev": "06544a68599a0e0721760af442000204e57e3937",
        "type": "github"
      },
      "original": {
        "owner": "microvm-nix",
        "repo": "microvm.nix",
        "type": "github"
      }
    },
    "nix-github-actions": {
      "inputs": {
        "nixpkgs": [
          "colmena",
          "nixpkgs"
        ]
      },
      "locked": {
        "lastModified": 1737420293,
        "narHash": "sha256-F1G5ifvqTpJq7fdkT34e/Jy9VCyzd5XfJ9TO8fHhJWE=",
        "owner": "nix-community",
        "repo": "nix-github-actions",
        "rev": "f4158fa080ef4503c8f4c820967d946c2af31ec9",
        "type": "github"
      },
      "original": {
        "owner": "nix-community",
        "repo": "nix-github-actions",
        "type": "github"
      }
    },
    "nixpkgs": {
      "locked": {
        "lastModified": 1785858998,
        "narHash": "sha256-fKCq5jphd6l/Ms6gc3dptkw/TcKLYub9lQE5g6rbbkc=",
        "owner": "nixos",
        "repo": "nixpkgs",
        "rev": "04607e1165ac22c5fde6dcc54c9e0b3c0487c555",
        "type": "github"
      },
      "original": {
        "owner": "nixos",
        "ref": "nixos-26.05",
        "repo": "nixpkgs",
        "type": "github"
      }
    },
    "nixpkgs-unstable": {
      "locked": {
        "lastModified": 1785828668,
        "narHash": "sha256-8fsyqeO+mJqvIzeO4xIpgJe/f7MTbbVTEC6RT6WSXNs=",
        "owner": "nixos",
        "repo": "nixpkgs",
        "rev": "e72e4f299401a3689d4b3d5fc6496b11db7064eb",
        "type": "github"
      },
      "original": {
        "owner": "nixos",
        "ref": "nixos-unstable",
        "repo": "nixpkgs",
        "type": "github"
      }
    },
    "root": {
      "inputs": {
        "calagopus-nix": "calagopus-nix",
        "colmena": "colmena",
        "den": "den",
        "disko": "disko",
        "hive": "hive",
        "import-tree": "import-tree",
        "infra-private": "infra-private",
        "nixpkgs": "nixpkgs",
        "nixpkgs-unstable": "nixpkgs-unstable",
        "starlight-web": "starlight-web"
      }
    },
    "rust-analyzer-src": {
      "flake": false,
      "locked": {
        "lastModified": 1785509417,
        "narHash": "sha256-KO1aylbnpZTW1l/8c1MoUPIbwPh5eSM0+VOsksXiXU4=",
        "owner": "rust-lang",
        "repo": "rust-analyzer",
        "rev": "e4e67338eaf4724e4e6e1525711e00b85d174cf9",
        "type": "github"
      },
      "original": {
        "owner": "rust-lang",
        "ref": "nightly",
        "repo": "rust-analyzer",
        "type": "github"
      }
    },
    "spectrum": {
      "flake": false,
      "locked": {
        "lastModified": 1783694892,
        "narHash": "sha256-xO8f7Qng+18FK2UlB9vcrkxCaQMCt5WjCH24aW/11eg=",
        "ref": "refs/heads/main",
        "rev": "24c4346e30fdea8d8e80f34aec3554a15a667d24",
        "revCount": 1410,
        "type": "git",
        "url": "https://spectrum-os.org/git/spectrum"
      },
      "original": {
        "type": "git",
        "url": "https://spectrum-os.org/git/spectrum"
      }
    },
    "stable": {
      "locked": {
        "lastModified": 1783625654,
        "narHash": "sha256-pI1244/PJfTyKhlAr2QYQC55vR6UQdnGA0rJUgtO2IQ=",
        "owner": "NixOS",
        "repo": "nixpkgs",
        "rev": "a0230bd8d5cbd13893b2263918d396a2c7dd0407",
        "type": "github"
      },
      "original": {
        "owner": "NixOS",
        "ref": "release-26.05",
        "repo": "nixpkgs",
        "type": "github"
      }
    },
    "starlight-web": {
      "inputs": {
        "flake-utils": "flake-utils_2",
        "nixpkgs": [
          "nixpkgs"
        ]
      },
      "locked": {
        "lastModified": 1780953563,
        "narHash": "sha256-79qhd5U/fuTdfhTBzmnuSnz/6Of3qlP6Ob0Cca/ZFcs=",
        "ref": "refs/heads/main",
        "rev": "1619ace5678c8d55e73ce6dd30bad3efe91bea57",
        "revCount": 39,
        "type": "git",
        "url": "ssh://git@github.com/All-Of-Us-Mods/Starlight-Web"
      },
      "original": {
        "type": "git",
        "url": "ssh://git@github.com/All-Of-Us-Mods/Starlight-Web"
      }
    },
    "systems": {
      "locked": {
        "lastModified": 1681028828,
        "narHash": "sha256-Vy1rq5AaRuLzOxct8nz4T6wlgyUR7zLU309k9mBC768=",
        "owner": "nix-systems",
        "repo": "default",
        "rev": "da67096a3b9bf56a91d16901293e51ba5b49a27e",
        "type": "github"
      },
      "original": {
        "owner": "nix-systems",
        "repo": "default",
        "type": "github"
      }
    },
    "systems_2": {
      "locked": {
        "lastModified": 1681028828,
        "narHash": "sha256-Vy1rq5AaRuLzOxct8nz4T6wlgyUR7zLU309k9mBC768=",
        "owner": "nix-systems",
        "repo": "default",
        "rev": "da67096a3b9bf56a91d16901293e51ba5b49a27e",
        "type": "github"
      },
      "original": {
        "owner": "nix-systems",
        "repo": "default",
        "type": "github"
      }
    }
  },
  "root": "root",
  "version": 7
}
